github.com/aaronarduino/goqrsvg v0.0.0-20170617203649-603647895681 h1:eZrVcUgy0P6+B6Vu7SKPh3UZQS5nEuyjhbkFyfz7I2I=
github.com/aaronarduino/goqrsvg v0.0.0-20170617203649-603647895681/go.mod h1:dytw+5qs+pdi61fO/S4OmXR7AuEq/HvNCuG03KxQHT4=
github.com/ajstarks/svgo v0.0.0-20210406150507-75cfd577ce75 h1:tuK1xIp+jrEEF0l3xXab78w89ilYr0Am170KdSml2xc=
github.com/ajstarks/svgo v0.0.0-20210406150507-75cfd577ce75/go.mod h1:K08gAheRH3/J6wwsYMMT4xOr94bZjxIelGM0+d/wbFw=
github.com/boombuler/barcode v1.0.1 h1:NDBbPmhS+EqABEs5Kg3n/5ZNjy73Pz7SIV+KCeqyXcs=
github.com/boombuler/barcode v1.0.1/go.mod h1:paBWMcWSl3LHKBqUq+rly7CNSldXjb2rDl3JlRe0mD8=
github.com/go-chi/chi v1.5.1 h1:kfTK3Cxd/dkMu/rKs5ZceWYp+t5CtiE7vmaTv3LjC6w=
github.com/go-chi/chi v1.5.1/go.mod h1:REp24E+25iKvxgeTfHmdUoL5x15kBiDBlnIl5bCwe2k=
github.com/go-yaml/yaml v2.1.0+incompatible h1:RYi2hDdss1u4YE7GwixGzWwVo47T8UQwnTLB6vQiq+o=
github.com/go-yaml/yaml v2.1.0+incompatible/go.mod h1:w2MrLa16VYP0jy6N7M5kHaCkaLENm+P+Tv+MfurjSw0=
github.com/google/uuid v1.3.0 h1:t6JiXgmwXMjEs8VusXIJk2BXHsn+wx8BZdTaoZ5fu7I=
github.com/google/uuid v1.3.0/go.mod h1:TIyPZe4MgqvfeYDBFedMoGGpEw/LqOeaOT+nhxU+yHo=
github.com/gorilla/securecookie v1.1.1 h1:miw7JPhV+b/lAHSXz4qd/nN9jRiAFV5FwjeKyCS8BvQ=
github.com/gorilla/securecookie v1.1.1/go.mod h1:ra0sb63/xPlUeL+yeDciTfxMRAA+MP+HVt/4epWDjd4=
github.com/gorilla/sessions v1.2.1 h1:DHd3rPN5lE3Ts3D8rKkQ8x/0kqfeNmBAaiSi+o7FsgI=
github.com/gorilla/sessions v1.2.1/go.mod h1:dk2InVEVJ0sfLlnXv9EAgkf6ecYs/i80K/zI+bUmuGM=
github.com/jinzhu/inflection v1.0.0 h1:K317FqzuhWc8YvSVlFMCCUb36O/S9MCKRDI7QkRKD/E=
github.com/jinzhu/inflection v1.0.0/go.mod h1:h+uFLlag+Qp1Va5pdKtLDYj+kHp5pxUVkryuEj+Srlc=
github.com/jinzhu/now v1.1.1/go.mod h1:d3SSVoowX0Lcu0IBviAWJpolVfI5UJVZZ7cO71lE/z8=
github.com/jinzhu/now v1.1.2 h1:eVKgfIdy9b6zbWBMgFpfDPoAMifwSZagU9HmEU6zgiI=
github.com/jinzhu/now v1.1.2/go.mod h1:d3SSVoowX0Lcu0IBviAWJpolVfI5UJVZZ7cO71lE/z8=
github.com/kelseyhightower/envconfig v1.4.0 h1:Im6hONhd3pLkfDFsbRgu68RDNkGF1r3dvMUtDTo2cv8=
github.com/kelseyhightower/envconfig v1.4.0/go.mod h1:cccZRl6mQpaq41TPp5QxidR+Sa3axMbJDNb//FQX6Gg=
github.com/mattn/go-sqlite3 v1.14.5/go.mod h1:WVKg1VTActs4Qso6iwGbiFih2UIHo0ENGwNd0Lj+XmI=
github.com/mattn/go-sqlite3 v1.14.7 h1:fxWBnXkxfM6sRiuH3bqJ4CfzZojMOLVc0UTsTglEghA=
github.com/mattn/go-sqlite3 v1.14.7/go.mod h1:NyWgC/yNuGj7Q9rpYnZvas74GogHl5/Z4A/KQRfk6bU=
github.com/russross/blackfriday v2.0.0+incompatible h1:cBXrhZNUf9C+La9/YpS+UHpUT8YD6Td9ZMSU9APFcsk=
github.com/russross/blackfriday v2.0.0+incompatible/go.mod h1:JO/DiYxRf+HjHt06OyowR9PTA263kcR/rfWxYHBV53g=
github.com/shurcooL/sanitized_anchor_name v1.0.0 h1:PdmoCO6wvbs+7yrJyMORt4/BmY5IYyJwS/kOiWx8mHo=
github.com/shurcooL/sanitized_anchor_name v1.0.0/go.mod h1:1NzhyTcUVG4SuEtjjoZeVRXNmyL/1OwPU0+IJeTBvfc=
gitlab.com/golang-commonmark/html v0.0.0-20191124015941-a22733972181 h1:K+bMSIx9A7mLES1rtG+qKduLIXq40DAzYHtb0XuCukA=
gitlab.com/golang-commonmark/html v0.0.0-20191124015941-a22733972181/go.mod h1:dzYhVIwWCtzPAa4QP98wfB9+mzt33MSmM8wsKiMi2ow=
gitlab.com/golang-commonmark/linkify v0.0.0-20191026162114-a0c2df6c8f82/go.mod h1:Gn+LZmCrhPECMD3SOKlE+BOHwhOYD9j7WT9NUtkCrC8=
gitlab.com/golang-commonmark/linkify v0.0.0-20200225224916-64bca66f6ad3 h1:1Coh5BsUBlXoEJmIEaNzVAWrtg9k7/eJzailMQr1grw=
gitlab.com/golang-commonmark/linkify v0.0.0-20200225224916-64bca66f6ad3/go.mod h1:Gn+LZmCrhPECMD3SOKlE+BOHwhOYD9j7WT9NUtkCrC8=
gitlab.com/golang-commonmark/markdown v0.0.0-20191127184510-91b5b3c99c19 h1:HsZm6XaTpEgZiZqcXZkUbG6BNtSZE3XyCTfo52YBoDY=
gitlab.com/golang-commonmark/markdown v0.0.0-20191127184510-91b5b3c99c19/go.mod h1:CRIzp0wh6PvKEAeEOtp9wEpNKJJ1VFTNfHO4+ToRgVA=
gitlab.com/golang-commonmark/mdurl v0.0.0-20191124015652-932350d1cb84 h1:qqjvoVXdWIcZCLPMlzgA7P9FZWdPGPvP/l3ef8GzV6o=
gitlab.com/golang-commonmark/mdurl v0.0.0-20191124015652-932350d1cb84/go.mod h1:IJZ+fdMvbW2qW6htJx7sLJ04FEs4Ldl/MDsJtMKywfw=
gitlab.com/golang-commonmark/puny v0.0.0-20191124015043-9f83538fa04f h1:Wku8eEdeJqIOFHtrfkYUByc4bCaTeA6fL0UJgfEiFMI=
gitlab.com/golang-commonmark/puny v0.0.0-20191124015043-9f83538fa04f/go.mod h1:Tiuhl+njh/JIg0uS/sOJVYi0x2HEa5rc1OAaVsb5tAs=
gitlab.com/opennota/wd v0.0.0-20180912061657-c5d65f63c638 h1:uPZaMiz6Sz0PZs3IZJWpU5qHKGNy///1pacZC9txiUI=
gitlab.com/opennota/wd v0.0.0-20180912061657-c5d65f63c638/go.mod h1:EGRJaqe2eO9XGmFtQCvV3Lm9NLico3UhFwUpCG/+mVU=
golang.org/x/crypto v0.0.0-20211108221036-ceb1ce70b4fa h1:idItI2DDfCokpg0N51B2VtiLdJ4vAuXC9fnCb2gACo4=
golang.org/x/crypto v0.0.0-20211108221036-ceb1ce70b4fa/go.mod h1:GvvjBRRGRdwPK5ydBHafDWAxML/pGHZbMvKqRZ5+Abc=
golang.org/x/text v0.3.2/go.mod h1:bEr9sfX3Q8Zfm5fL9x+3itogRgK3+ptLWKqgva+5dAk=
golang.org/x/text v0.3.7 h1:olpwvP2KacW1ZWvsR7uQhoyTYvKAupfQrRGBFM352Gk=
golang.org/x/text v0.3.7/go.mod h1:u+2+/6zg+i71rQMx5EYifcz6MCKuco9NR6JIITiCfzQ=
golang.org/x/tools v0.0.0-20180917221912-90fa682c2a6e/go.mod h1:n7NCudcB/nEzxVGmLbDWY5pfWTLqBcC2KZ6jyYvM4mQ=
gopkg.in/check.v1 v0.0.0-20161208181325-20d25e280405/go.mod h1:Co6ibVJAznAaIkqp8huTwlJQCZ016jof/cbN4VW5Yz0=
gopkg.in/yaml.v3 v3.0.1 h1:fxVm/GzAzEWqLHuvctI91KS9hhNmmWOoWu0XTYJS7CA=
gopkg.in/yaml.v3 v3.0.1/go.mod h1:K4uyk7z7BCEPqu6E+C64Yfv1cQ7kz7rIZviUmN+EgEM=
gorm.io/driver/sqlite v1.1.4 h1:PDzwYE+sI6De2+mxAneV9Xs11+ZyKV6oxD3wDGkaNvM=
gorm.io/driver/sqlite v1.1.4/go.mod h1:mJCeTFr7+crvS+TRnWc5Z3UvwxUN1BGBLMrf5LA9DYw=
gorm.io/gorm v1.20.7/go.mod h1:0HFTzE/SqkGTzK6TlDPPQbAYCluiVvhzoA1+aVyzenw=
gorm.io/gorm v1.21.11 h1:CxkXW6Cc+VIBlL8yJEHq+Co4RYXdSLiMKNvgoZPjLK4=
gorm.io/gorm v1.21.11/go.mod h1:F+OptMscr0P2F2qU97WT1WimdH9GaQPoDW7AYd5i2Y0=
